// !$*UTF8*$!
{
	archiveVersion = 1;
	classes = {
	};
	objectVersion = 50;
	objects = {

/* Begin PBXBuildFile section */
		63A9EC3025E768E90032F5F7 /* ArtistSearchSwiftUIApp.swift in Sources */ = {isa = PBXBuildFile; fileRef = 63A9EC2F25E768E90032F5F7 /* ArtistSearchSwiftUIApp.swift */; };
		63A9EC3225E768E90032F5F7 /* ContentView.swift in Sources */ = {isa = PBXBuildFile; fileRef = 63A9EC3125E768E90032F5F7 /* ContentView.swift */; };
		63A9EC3425E768EA0032F5F7 /* Assets.xcassets in Resources */ = {isa = PBXBuildFile; fileRef = 63A9EC3325E768EA0032F5F7 /* Assets.xcassets */; };
		63A9EC3725E768EA0032F5F7 /* Preview Assets.xcassets in Resources */ = {isa = PBXBuildFile; fileRef = 63A9EC3625E768EA0032F5F7 /* Preview Assets.xcassets */; };
		63A9EC4225E768EB0032F5F7 /* ArtistSearchSwiftUITests.swift in Sources */ = {isa = PBXBuildFile; fileRef = 63A9EC4125E768EB0032F5F7 /* ArtistSearchSwiftUITests.swift */; };
		63A9EC4D25E768EB0032F5F7 /* ArtistSearchSwiftUIUITests.swift in Sources */ = {isa = PBXBuildFile; fileRef = 63A9EC4C25E768EB0032F5F7 /* ArtistSearchSwiftUIUITests.swift */; };
/* End PBXBuildFile section */

/* Begin PBXContainerItemProxy section */
		63A9EC3E25E768EB0032F5F7 /* PBXContainerItemProxy */ = {
			isa = PBXContainerItemProxy;
			containerPortal = 63A9EC2425E768E90032F5F7 /* Project object */;
			proxyType = 1;
			remoteGlobalIDString = 63A9EC2B25E768E90032F5F7;
			remoteInfo = ArtistSearchSwiftUI;
		};
		63A9EC4925E768EB0032F5F7 /* PBXContainerItemProxy */ = {
			isa = PBXContainerItemProxy;
			containerPortal = 63A9EC2425E768E90032F5F7 /* Project object */;
			proxyType = 1;
			remoteGlobalIDString = 63A9EC2B25E768E90032F5F7;
			remoteInfo = ArtistSearchSwiftUI;
		};
/* End PBXContainerItemProxy section */

/* Begin PBXFileReference section */
		63A9EC2C25E768E90032F5F7 /* ArtistSearchSwiftUI.app */ = {isa = PBXFileReference; explicitFileType = wrapper.application; includeInIndex = 0; path = ArtistSearchSwiftUI.app; sourceTree = BUILT_PRODUCTS_DIR; };
		63A9EC2F25E768E90032F5F7 /* ArtistSearchSwiftUIApp.swift */ = {isa = PBXFileReference; lastKnownFileType = sourcecode.swift; path = ArtistSearchSwiftUIApp.swift; sourceTree = "<group>"; };
		63A9EC3125E768E90032F5F7 /* ContentView.swift */ = {isa = PBXFileReference; lastKnownFileType = sourcecode.swift; path = ContentView.swift; sourceTree = "<group>"; };
		63A9EC3325E768EA0032F5F7 /* Assets.xcassets */ = {isa = PBXFileReference; lastKnownFileType = folder.assetcatalog; path = Assets.xcassets; sourceTree = "<group>"; };
		63A9EC3625E768EA0032F5F7 /* Preview Assets.xcassets */ = {isa = PBXFileReference; lastKnownFileType = folder.assetcatalog; path = "Preview Assets.xcassets"; sourceTree = "<group>"; };
		63A9EC3825E768EA0032F5F7 /* Info.plist */ = {isa = PBXFileReference; lastKnownFileType = text.plist.xml; path = Info.plist; sourceTree = "<group>"; };
		63A9EC3D25E768EB0032F5F7 /* ArtistSearchSwiftUITests.xctest */ = {isa = PBXFileReference; explicitFileType = wrapper.cfbundle; includeInIndex = 0; path = ArtistSearchSwiftUITests.xctest; sourceTree = BUILT_PRODUCTS_DIR; };
		63A9EC4125E768EB0032F5F7 /* ArtistSearchSwiftUITests.swift */ = {isa = PBXFileReference; lastKnownFileType = sourcecode.swift; path = ArtistSearchSwiftUITests.swift; sourceTree = "<group>"; };
		63A9EC4325E768EB0032F5F7 /* Info.plist */ = {isa = PBXFileReference; lastKnownFileType = text.plist.xml; path = Info.plist; sourceTree = "<group>"; };
		63A9EC4825E768EB0032F5F7 /* ArtistSearchSwiftUIUITests.xctest */ = {isa = PBXFileReference; explicitFileType = wrapper.cfbundle; includeInIndex = 0; path = ArtistSearchSwiftUIUITests.xctest; sourceTree = BUILT_PRODUCTS_DIR; };
		63A9EC4C25E768EB0032F5F7 /* ArtistSearchSwiftUIUITests.swift */ = {isa = PBXFileReference; lastKnownFileType = sourcecode.swift; path = ArtistSearchSwiftUIUITests.swift; sourceTree = "<group>"; };
		63A9EC4E25E768EB0032F5F7 /* Info.plist */ = {isa = PBXFileReference; lastKnownFileType = text.plist.xml; path = Info.plist; sourceTree = "<group>"; };
/* End PBXFileReference section */

/* Begin PBXFrameworksBuildPhase section */
		63A9EC2925E768E90032F5F7 /* Frameworks */ = {
			isa = PBXFrameworksBuildPhase;
			buildActionMask = 2147483647;
			files = (
			);
			runOnlyForDeploymentPostprocessing = 0;
		};
		63A9EC3A25E768EB0032F5F7 /* Frameworks */ = {
			isa = PBXFrameworksBuildPhase;
			buildActionMask = 2147483647;
			files = (
			);
			runOnlyForDeploymentPostprocessing = 0;
		};
		63A9EC4525E768EB0032F5F7 /* Frameworks */ = {
			isa = PBXFrameworksBuildPhase;
			buildActionMask = 2147483647;
			files = (
			);
			runOnlyForDeploymentPostprocessing = 0;
		};
/* End PBXFrameworksBuildPhase section */

/* Begin PBXGroup section */
		63A9EC2325E768E90032F5F7 = {
			isa = PBXGroup;
			children = (
				63A9EC2E25E768E90032F5F7 /* ArtistSearchSwiftUI */,
				63A9EC4025E768EB0032F5F7 /* ArtistSearchSwiftUITests */,
				63A9EC4B25E768EB0032F5F7 /* ArtistSearchSwiftUIUITests */,
				63A9EC2D25E768E90032F5F7 /* Products */,
			);
			sourceTree = "<group>";
		};
		63A9EC2D25E768E90032F5F7 /* Products */ = {
			isa = PBXGroup;
			children = (
				63A9EC2C25E768E90032F5F7 /* ArtistSearchSwiftUI.app */,
				63A9EC3D25E768EB0032F5F7 /* ArtistSearchSwiftUITests.xctest */,
				63A9EC4825E768EB0032F5F7 /* ArtistSearchSwiftUIUITests.xctest */,
			);
			name = Products;
			sourceTree = "<group>";
		};
		63A9EC2E25E768E90032F5F7 /* ArtistSearchSwiftUI */ = {
			isa = PBXGroup;
			children = (
				63A9EC2F25E768E90032F5F7 /* ArtistSearchSwiftUIApp.swift */,
				63A9EC3125E768E90032F5F7 /* ContentView.swift */,
				63A9EC3325E768EA0032F5F7 /* Assets.xcassets */,
				63A9EC3825E768EA0032F5F7 /* Info.plist */,
				63A9EC3525E768EA0032F5F7 /* Preview Content */,
			);
			path = ArtistSearchSwiftUI;
			sourceTree = "<group>";
		};
		63A9EC3525E768EA0032F5F7 /* Preview Content */ = {
			isa = PBXGroup;
			children = (
				63A9EC3625E768EA0032F5F7 /* Preview Assets.xcassets */,
			);
			path = "Preview Content";
			sourceTree = "<group>";
		};
		63A9EC4025E768EB0032F5F7 /* ArtistSearchSwiftUITests */ = {
			isa = PBXGroup;
			children = (
				63A9EC4125E768EB0032F5F7 /* ArtistSearchSwiftUITests.swift */,
				63A9EC4325E768EB0032F5F7 /* Info.plist */,
			);
			path = ArtistSearchSwiftUITests;
			sourceTree = "<group>";
		};
		63A9EC4B25E768EB0032F5F7 /* ArtistSearchSwiftUIUITests */ = {
			isa = PBXGroup;
			children = (
				63A9EC4C25E768EB0032F5F7 /* ArtistSearchSwiftUIUITests.swift */,
				63A9EC4E25E768EB0032F5F7 /* Info.plist */,
			);
			path = ArtistSearchSwiftUIUITests;
			sourceTree = "<group>";
		};
/* End PBXGroup section */

/* Begin PBXNativeTarget section */
		63A9EC2B25E768E90032F5F7 /* ArtistSearchSwiftUI */ = {
			isa = PBXNativeTarget;
			buildConfigurationList = 63A9EC5125E768EB0032F5F7 /* Build configuration list for PBXNativeTarget "ArtistSearchSwiftUI" */;
			buildPhases = (
				63A9EC2825E768E90032F5F7 /* Sources */,
				63A9EC2925E768E90032F5F7 /* Frameworks */,
				63A9EC2A25E768E90032F5F7 /* Resources */,
			);
			buildRules = (
			);
			dependencies = (
			);
			name = ArtistSearchSwiftUI;
			productName = ArtistSearchSwiftUI;
			productReference = 63A9EC2C25E768E90032F5F7 /* ArtistSearchSwiftUI.app */;
			productType = "com.apple.product-type.application";
		};
		63A9EC3C25E768EB0032F5F7 /* ArtistSearchSwiftUITests */ = {
			isa = PBXNativeTarget;
			buildConfigurationList = 63A9EC5425E768EB0032F5F7 /* Build configuration list for PBXNativeTarget "ArtistSearchSwiftUITests" */;
			buildPhases = (
				63A9EC3925E768EB0032F5F7 /* Sources */,
				63A9EC3A25E768EB0032F5F7 /* Frameworks */,
				63A9EC3B25E768EB0032F5F7 /* Resources */,
			);
			buildRules = (
			);
			dependencies = (
				63A9EC3F25E768EB0032F5F7 /* PBXTargetDependency */,
			);
			name = ArtistSearchSwiftUITests;
			productName = ArtistSearchSwiftUITests;
			productReference = 63A9EC3D25E768EB0032F5F7 /* ArtistSearchSwiftUITests.xctest */;
			productType = "com.apple.product-type.bundle.unit-test";
		};
		63A9EC4725E768EB0032F5F7 /* ArtistSearchSwiftUIUITests */ = {
			isa = PBXNativeTarget;
			buildConfigurationList = 63A9EC5725E768EB0032F5F7 /* Build configuration list for PBXNativeTarget "ArtistSearchSwiftUIUITests" */;
			buildPhases = (
				63A9EC4425E768EB0032F5F7 /* Sources */,
				63A9EC4525E768EB0032F5F7 /* Frameworks */,
				63A9EC4625E768EB0032F5F7 /* Resources */,
			);
			buildRules = (
			);
			dependencies = (
				63A9EC4A25E768EB0032F5F7 /* PBXTargetDependency */,
			);
			name = ArtistSearchSwiftUIUITests;
			productName = ArtistSearchSwiftUIUITests;
			productReference = 63A9EC4825E768EB0032F5F7 /* ArtistSearchSwiftUIUITests.xctest */;
			productType = "com.apple.product-type.bundle.ui-testing";
		};
/* End PBXNativeTarget section */

/* Begin PBXProject section */
		63A9EC2425E768E90032F5F7 /* Project object */ = {
			isa = PBXProject;
			attributes = {
				LastSwiftUpdateCheck = 1240;
				LastUpgradeCheck = 1240;
				TargetAttributes = {
					63A9EC2B25E768E90032F5F7 = {
						CreatedOnToolsVersion = 12.4;
					};
					63A9EC3C25E768EB0032F5F7 = {
						CreatedOnToolsVersion = 12.4;
						TestTargetID = 63A9EC2B25E768E90032F5F7;
					};
					63A9EC4725E768EB0032F5F7 = {
						CreatedOnToolsVersion = 12.4;
						TestTargetID = 63A9EC2B25E768E90032F5F7;
					};
				};
			};
			buildConfigurationList = 63A9EC2725E768E90032F5F7 /* Build configuration list for PBXProject "ArtistSearchSwiftUI" */;
			compatibilityVersion = "Xcode 9.3";
			developmentRegion = en;
			hasScannedForEncodings = 0;
			knownRegions = (
				en,
				Base,
			);
			mainGroup = 63A9EC2325E768E90032F5F7;
			productRefGroup = 63A9EC2D25E768E90032F5F7 /* Products */;
			projectDirPath = "";
			projectRoot = "";
			targets = (
				63A9EC2B25E768E90032F5F7 /* ArtistSearchSwiftUI */,
				63A9EC3C25E768EB0032F5F7 /* ArtistSearchSwiftUITests */,
				63A9EC4725E768EB0032F5F7 /* ArtistSearchSwiftUIUITests */,
			);
		};
/* End PBXProject section */

/* Begin PBXResourcesBuildPhase section */
		63A9EC2A25E768E90032F5F7 /* Resources */ = {
			isa = PBXResourcesBuildPhase;
			buildActionMask = 2147483647;
			files = (
				63A9EC3725E768EA0032F5F7 /* Preview Assets.xcassets in Resources */,
				63A9EC3425E768EA0032F5F7 /* Assets.xcassets in Resources */,
			);
			runOnlyForDeploymentPostprocessing = 0;
		};
		63A9EC3B25E768EB0032F5F7 /* Resources */ = {
			isa = PBXResourcesBuildPhase;
			buildActionMask = 2147483647;
			files = (
			);
			runOnlyForDeploymentPostprocessing = 0;
		};
		63A9EC4625E768EB0032F5F7 /* Resources */ = {
			isa = PBXResourcesBuildPhase;
			buildActionMask = 2147483647;
			files = (
			);
			runOnlyForDeploymentPostprocessing = 0;
		};
/* End PBXResourcesBuildPhase section */

/* Begin PBXSourcesBuildPhase section */
		63A9EC2825E768E90032F5F7 /* Sources */ = {
			isa = PBXSourcesBuildPhase;
			buildActionMask = 2147483647;
			files = (
				63A9EC3225E768E90032F5F7 /* ContentView.swift in Sources */,
				63A9EC3025E768E90032F5F7 /* ArtistSearchSwiftUIApp.swift in Sources */,
			);
			runOnlyForDeploymentPostprocessing = 0;
		};
		63A9EC3925E768EB0032F5F7 /* Sources */ = {
			isa = PBXSourcesBuildPhase;
			buildActionMask = 2147483647;
			files = (
				63A9EC4225E768EB0032F5F7 /* ArtistSearchSwiftUITests.swift in Sources */,
			);
			runOnlyForDeploymentPostprocessing = 0;
		};
		63A9EC4425E768EB0032F5F7 /* Sources */ = {
			isa = PBXSourcesBuildPhase;
			buildActionMask = 2147483647;
			files = (
				63A9EC4D25E768EB0032F5F7 /* ArtistSearchSwiftUIUITests.swift in Sources */,
			);
			runOnlyForDeploymentPostprocessing = 0;
		};
/* End PBXSourcesBuildPhase section */

/* Begin PBXTargetDependency section */
		63A9EC3F25E768EB0032F5F7 /* PBXTargetDependency */ = {
			isa = PBXTargetDependency;
			target = 63A9EC2B25E768E90032F5F7 /* ArtistSearchSwiftUI */;
			targetProxy = 63A9EC3E25E768EB0032F5F7 /* PBXContainerItemProxy */;
		};
		63A9EC4A25E768EB0032F5F7 /* PBXTargetDependency */ = {
			isa = PBXTargetDependency;
			target = 63A9EC2B25E768E90032F5F7 /* ArtistSearchSwiftUI */;
			targetProxy = 63A9EC4925E768EB0032F5F7 /* PBXContainerItemProxy */;
		};
/* End PBXTargetDependency section */

/* Begin XCBuildConfiguration section */
		63A9EC4F25E768EB0032F5F7 /* Debug */ = {
			isa = XCBuildConfiguration;
			buildSettings = {
				ALWAYS_SEARCH_USER_PATHS = NO;
				CLANG_ANALYZER_NONNULL = YES;
				CLANG_ANALYZER_NUMBER_OBJECT_CONVERSION = YES_AGGRESSIVE;
				CLANG_CXX_LANGUAGE_STANDARD = "gnu++14";
				CLANG_CXX_LIBRARY = "libc++";
				CLANG_ENABLE_MODULES = YES;
				CLANG_ENABLE_OBJC_ARC = YES;
				CLANG_ENABLE_OBJC_WEAK = YES;
				CLANG_WARN_BLOCK_CAPTURE_AUTORELEASING = YES;
				CLANG_WARN_BOOL_CONVERSION = YES;
				CLANG_WARN_COMMA = YES;
				CLANG_WARN_CONSTANT_CONVERSION = YES;
				CLANG_WARN_DEPRECATED_OBJC_IMPLEMENTATIONS = YES;
				CLANG_WARN_DIRECT_OBJC_ISA_USAGE = YES_ERROR;
				CLANG_WARN_DOCUMENTATION_COMMENTS = YES;
				CLANG_WARN_EMPTY_BODY = YES;
				CLANG_WARN_ENUM_CONVERSION = YES;
				CLANG_WARN_INFINITE_RECURSION = YES;
				CLANG_WARN_INT_CONVERSION = YES;
				CLANG_WARN_NON_LITERAL_NULL_CONVERSION = YES;
				CLANG_WARN_OBJC_IMPLICIT_RETAIN_SELF = YES;
				CLANG_WARN_OBJC_LITERAL_CONVERSION = YES;
				CLANG_WARN_OBJC_ROOT_CLASS = YES_ERROR;
				CLANG_WARN_QUOTED_INCLUDE_IN_FRAMEWORK_HEADER = YES;
				CLANG_WARN_RANGE_LOOP_ANALYSIS = YES;
				CLANG_WARN_STRICT_PROTOTYPES = YES;
				CLANG_WARN_SUSPICIOUS_MOVE = YES;
				CLANG_WARN_UNGUARDED_AVAILABILITY = YES_AGGRESSIVE;
				CLANG_WARN_UNREACHABLE_CODE = YES;
				CLANG_WARN__DUPLICATE_METHOD_MATCH = YES;
				COPY_PHASE_STRIP = NO;
				DEBUG_INFORMATION_FORMAT = dwarf;
				ENABLE_STRICT_OBJC_MSGSEND = YES;
				ENABLE_TESTABILITY = YES;
				GCC_C_LANGUAGE_STANDARD = gnu11;
				GCC_DYNAMIC_NO_PIC = NO;
				GCC_NO_COMMON_BLOCKS = YES;
				GCC_OPTIMIZATION_LEVEL = 0;
				GCC_PREPROCESSOR_DEFINITIONS = (
					"DEBUG=1",
					"$(inherited)",
				);
				GCC_WARN_64_TO_32_BIT_CONVERSION = YES;
				GCC_WARN_ABOUT_RETURN_TYPE = YES_ERROR;
				GCC_WARN_UNDECLARED_SELECTOR = YES;
				GCC_WARN_UNINITIALIZED_AUTOS = YES_AGGRESSIVE;
				GCC_WARN_UNUSED_FUNCTION = YES;
				GCC_WARN_UNUSED_VARIABLE = YES;
				IPHONEOS_DEPLOYMENT_TARGET = 14.4;
				MTL_ENABLE_DEBUG_INFO = INCLUDE_SOURCE;
				MTL_FAST_MATH = YES;
				ONLY_ACTIVE_ARCH = YES;
				SDKROOT = iphoneos;
				SWIFT_ACTIVE_COMPILATION_CONDITIONS = DEBUG;
				SWIFT_OPTIMIZATION_LEVEL = "-Onone";
			};
			name = Debug;
		};
		63A9EC5025E768EB0032F5F7 /* Release */ = {
			isa = XCBuildConfiguration;
			buildSettings = {
				ALWAYS_SEARCH_USER_PATHS = NO;
				CLANG_ANALYZER_NONNULL = YES;
				CLANG_ANALYZER_NUMBER_OBJECT_CONVERSION = YES_AGGRESSIVE;
				CLANG_CXX_LANGUAGE_STANDARD = "gnu++14";
				CLANG_CXX_LIBRARY = "libc++";
				CLANG_ENABLE_MODULES = YES;
				CLANG_ENABLE_OBJC_ARC = YES;
				CLANG_ENABLE_OBJC_WEAK = YES;
				CLANG_WARN_BLOCK_CAPTURE_AUTORELEASING = YES;
				CLANG_WARN_BOOL_CONVERSION = YES;
				CLANG_WARN_COMMA = YES;
				CLANG_WARN_CONSTANT_CONVERSION = YES;
				CLANG_WARN_DEPRECATED_OBJC_IMPLEMENTATIONS = YES;
				CLANG_WARN_DIRECT_OBJC_ISA_USAGE = YES_ERROR;
				CLANG_WARN_DOCUMENTATION_COMMENTS = YES;
				CLANG_WARN_EMPTY_BODY = YES;
				CLANG_WARN_ENUM_CONVERSION = YES;
				CLANG_WARN_INFINITE_RECURSION = YES;
				CLANG_WARN_INT_CONVERSION = YES;
				CLANG_WARN_NON_LITERAL_NULL_CONVERSION = YES;
				CLANG_WARN_OBJC_IMPLICIT_RETAIN_SELF = YES;
				CLANG_WARN_OBJC_LITERAL_CONVERSION = YES;
				CLANG_WARN_OBJC_ROOT_CLASS = YES_ERROR;
				CLANG_WARN_QUOTED_INCLUDE_IN_FRAMEWORK_HEADER = YES;
				CLANG_WARN_RANGE_LOOP_ANALYSIS = YES;
				CLANG_WARN_STRICT_PROTOTYPES = YES;
				CLANG_WARN_SUSPICIOUS_MOVE = YES;
				CLANG_WARN_UNGUARDED_AVAILABILITY = YES_AGGRESSIVE;
				CLANG_WARN_UNREACHABLE_CODE = YES;
				CLANG_WARN__DUPLICATE_METHOD_MATCH = YES;
				COPY_PHASE_STRIP = NO;
				DEBUG_INFORMATION_FORMAT = "dwarf-with-dsym";
				ENABLE_NS_ASSERTIONS = NO;
				ENABLE_STRICT_OBJC_MSGSEND = YES;
				GCC_C_LANGUAGE_STANDARD = gnu11;
				GCC_NO_COMMON_BLOCKS = YES;
				GCC_WARN_64_TO_32_BIT_CONVERSION = YES;
				GCC_WARN_ABOUT_RETURN_TYPE = YES_ERROR;
				GCC_WARN_UNDECLARED_SELECTOR = YES;
				GCC_WARN_UNINITIALIZED_AUTOS = YES_AGGRESSIVE;
				GCC_WARN_UNUSED_FUNCTION = YES;
				GCC_WARN_UNUSED_VARIABLE = YES;
				IPHONEOS_DEPLOYMENT_TARGET = 14.4;
				MTL_ENABLE_DEBUG_INFO = NO;
				MTL_FAST_MATH = YES;
				SDKROOT = iphoneos;
				SWIFT_COMPILATION_MODE = wholemodule;
				SWIFT_OPTIMIZATION_LEVEL = "-O";
				VALIDATE_PRODUCT = YES;
			};
			name = Release;
		};
		63A9EC5225E768EB0032F5F7 /* Debug */ = {
			isa = XCBuildConfiguration;
			buildSettings = {
				ASSETCATALOG_COMPILER_APPICON_NAME = AppIcon;
				ASSETCATALOG_COMPILER_GLOBAL_ACCENT_COLOR_NAME = AccentColor;
				CODE_SIGN_STYLE = Automatic;
				DEVELOPMENT_ASSET_PATHS = "\"ArtistSearchSwiftUI/Preview Content\"";
				DEVELOPMENT_TEAM = DK89B3CEZ5;
				ENABLE_PREVIEWS = YES;
				INFOPLIST_FILE = ArtistSearchSwiftUI/Info.plist;
				IPHONEOS_DEPLOYMENT_TARGET = 14.0;
				LD_RUNPATH_SEARCH_PATHS = (
					"$(inherited)",
					"@executable_path/Frameworks",
				);
				PRODUCT_BUNDLE_IDENTIFIER = com.tapinfuse.ArtistSearchSwiftUI;
				PRODUCT_NAME = "$(TARGET_NAME)";
				SWIFT_VERSION = 5.0;
				TARGETED_DEVICE_FAMILY = "1,2";
			};
			name = Debug;
		};
		63A9EC5325E768EB0032F5F7 /* Release */ = {
			isa = XCBuildConfiguration;
			buildSettings = {
				ASSETCATALOG_COMPILER_APPICON_NAME = AppIcon;
				ASSETCATALOG_COMPILER_GLOBAL_ACCENT_COLOR_NAME = AccentColor;
				CODE_SIGN_STYLE = Automatic;
				DEVELOPMENT_ASSET_PATHS = "\"ArtistSearchSwiftUI/Preview Content\"";
				DEVELOPMENT_TEAM = DK89B3CEZ5;
				ENABLE_PREVIEWS = YES;
				INFOPLIST_FILE = ArtistSearchSwiftUI/Info.plist;
				IPHONEOS_DEPLOYMENT_TARGET = 14.0;
				LD_RUNPATH_SEARCH_PATHS = (
					"$(inherited)",
					"@executable_path/Frameworks",
				);
				PRODUCT_BUNDLE_IDENTIFIER = com.tapinfuse.ArtistSearchSwiftUI;
				PRODUCT_NAME = "$(TARGET_NAME)";
				SWIFT_VERSION = 5.0;
				TARGETED_DEVICE_FAMILY = "1,2";
			};
			name = Release;
		};
		63A9EC5525E768EB0032F5F7 /* Debug */ = {
			isa = XCBuildConfiguration;
			buildSettings = {
				ALWAYS_EMBED_SWIFT_STANDARD_LIBRARIES = YES;
				BUNDLE_LOADER = "$(TEST_HOST)";
				CODE_SIGN_STYLE = Automatic;
				DEVELOPMENT_TEAM = DK89B3CEZ5;
				INFOPLIST_FILE = ArtistSearchSwiftUITests/Info.plist;
				IPHONEOS_DEPLOYMENT_TARGET = 14.0;
				LD_RUNPATH_SEARCH_PATHS = (
					"$(inherited)",
					"@executable_path/Frameworks",
					"@loader_path/Frameworks",
				);
				PRODUCT_BUNDLE_IDENTIFIER = com.tapinfuse.ArtistSearchSwiftUITests;
				PRODUCT_NAME = "$(TARGET_NAME)";
				SWIFT_VERSION = 5.0;
				TARGETED_DEVICE_FAMILY = "1,2";
				TEST_HOST = "$(BUILT_PRODUCTS_DIR)/ArtistSearchSwiftUI.app/ArtistSearchSwiftUI";
			};
			name = Debug;
		};
		63A9EC5625E768EB0032F5F7 /* Release */ = {
			isa = XCBuildConfiguration;
			buildSettings = {
				ALWAYS_EMBED_SWIFT_STANDARD_LIBRARIES = YES;
				BUNDLE_LOADER = "$(TEST_HOST)";
				CODE_SIGN_STYLE = Automatic;
				DEVELOPMENT_TEAM = DK89B3CEZ5;
				INFOPLIST_FILE = ArtistSearchSwiftUITests/Info.plist;
				IPHONEOS_DEPLOYMENT_TARGET = 14.0;
				LD_RUNPATH_SEARCH_PATHS = (
					"$(inherited)",
					"@executable_path/Frameworks",
					"@loader_path/Frameworks",
				);
				PRODUCT_BUNDLE_IDENTIFIER = com.tapinfuse.ArtistSearchSwiftUITests;
				PRODUCT_NAME = "$(TARGET_NAME)";
				SWIFT_VERSION = 5.0;
				TARGETED_DEVICE_FAMILY = "1,2";
				TEST_HOST = "$(BUILT_PRODUCTS_DIR)/ArtistSearchSwiftUI.app/ArtistSearchSwiftUI";
			};
			name = Release;
		};
		63A9EC5825E768EB0032F5F7 /* Debug */ = {
			isa = XCBuildConfiguration;
			buildSettings = {
				ALWAYS_EMBED_SWIFT_STANDARD_LIBRARIES = YES;
				CODE_SIGN_STYLE = Automatic;
				DEVELOPMENT_TEAM = DK89B3CEZ5;
				INFOPLIST_FILE = ArtistSearchSwiftUIUITests/Info.plist;
				LD_RUNPATH_SEARCH_PATHS = (
					"$(inherited)",
					"@executable_path/Frameworks",
					"@loader_path/Frameworks",
				);
				PRODUCT_BUNDLE_IDENTIFIER = com.tapinfuse.ArtistSearchSwiftUIUITests;
				PRODUCT_NAME = "$(TARGET_NAME)";
				SWIFT_VERSION = 5.0;
				TARGETED_DEVICE_FAMILY = "1,2";
				TEST_TARGET_NAME = ArtistSearchSwiftUI;
			};
			name = Debug;
		};
		63A9EC5925E768EB0032F5F7 /* Release */ = {
			isa = XCBuildConfiguration;
			buildSettings = {
				ALWAYS_EMBED_SWIFT_STANDARD_LIBRARIES = YES;
				CODE_SIGN_STYLE = Automatic;
				DEVELOPMENT_TEAM = DK89B3CEZ5;
				INFOPLIST_FILE = ArtistSearchSwiftUIUITests/Info.plist;
				LD_RUNPATH_SEARCH_PATHS = (
					"$(inherited)",
					"@executable_path/Frameworks",
					"@loader_path/Frameworks",
				);
				PRODUCT_BUNDLE_IDENTIFIER = com.tapinfuse.ArtistSearchSwiftUIUITests;
				PRODUCT_NAME = "$(TARGET_NAME)";
				SWIFT_VERSION = 5.0;
				TARGETED_DEVICE_FAMILY = "1,2";
				TEST_TARGET_NAME = ArtistSearchSwiftUI;
			};
			name = Release;
		};
/* End XCBuildConfiguration section */

/* Begin XCConfigurationList section */
		63A9EC2725E768E90032F5F7 /* Build configuration list for PBXProject "ArtistSearchSwiftUI" */ = {
			isa = XCConfigurationList;
			buildConfigurations = (
				63A9EC4F25E768EB0032F5F7 /* Debug */,
				63A9EC5025E768EB0032F5F7 /* Release */,
			);
			defaultConfigurationIsVisible = 0;
			defaultConfigurationName = Release;
		};
		63A9EC5125E768EB0032F5F7 /* Build configuration list for PBXNativeTarget "ArtistSearchSwiftUI" */ = {
			isa = XCConfigurationList;
			buildConfigurations = (
				63A9EC5225E768EB0032F5F7 /* Debug */,
				63A9EC5325E768EB0032F5F7 /* Release */,
			);
			defaultConfigurationIsVisible = 0;
			defaultConfigurationName = Release;
		};
		63A9EC5425E768EB0032F5F7 /* Build configuration list for PBXNativeTarget "ArtistSearchSwiftUITests" */ = {
			isa = XCConfigurationList;
			buildConfigurations = (
				63A9EC5525E768EB0032F5F7 /* Debug */,
				63A9EC5625E768EB0032F5F7 /* Release */,
			);
			defaultConfigurationIsVisible = 0;
			defaultConfigurationName = Release;
		};
		63A9EC5725E768EB0032F5F7 /* Build configuration list for PBXNativeTarget "ArtistSearchSwiftUIUITests" */ = {
			isa = XCConfigurationList;
			buildConfigurations = (
				63A9EC5825E768EB0032F5F7 /* Debug */,
				63A9EC5925E768EB0032F5F7 /* Release */,
			);
			defaultConfigurationIsVisible = 0;
			defaultConfigurationName = Release;
		};
/* End XCConfigurationList section */
	};
	rootObject = 63A9EC2425E768E90032F5F7 /* Project object */;
}
